
Microsoft Visual Studio Solution File, Format Version 12.00
# Visual Studio Version 17
VisualStudioVersion = 17.5.33414.496
MinimumVisualStudioVersion = 10.0.40219.1
Project("{FAE04EC0-301F-11D3-BF4B-00C04F79EFBC}") = "AttendSystem", "AttendSystem\AttendSystem.csproj", "{E171D719-AE9C-42B3-A0FE-44328F679409}"
EndProject
Global
	GlobalSection(SolutionConfigurationPlatforms) = preSolution
		Debug|Any CPU = Debug|Any CPU
		Release|Any CPU = Release|Any CPU
	EndGlobalSection
	GlobalSection(ProjectConfigurationPlatforms) = postSolution
		{E171D719-AE9C-42B3-A0FE-44328F679409}.Debug|Any CPU.ActiveCfg = Debug|Any CPU
		{E171D719-AE9C-42B3-A0FE-44328F679409}.Debug|Any CPU.Build.0 = Debug|Any CPU
		{E171D719-AE9C-42B3-A0FE-44328F679409}.Release|Any CPU.ActiveCfg = Release|Any CPU
		{E171D719-AE9C-42B3-A0FE-44328F679409}.Release|Any CPU.Build.0 = Release|Any CPU
	EndGlobalSection
	GlobalSection(SolutionProperties) = preSolution
		HideSolutionNode = FALSE
	EndGlobalSection
	GlobalSection(ExtensibilityGlobals) = postSolution
		SolutionGuid = {E55376E3-FE34-43F7-940B-AAE95ADFF9D9}
	EndGlobalSection
EndGlobal
